<?xml version="1.0" encoding="utf-8"?>
<Project ToolsVersion="4.0" xmlns="http://schemas.microsoft.com/developer/msbuild/2003">
  <ItemGroup>
    <Filter Include="Resource Files">
      <UniqueIdentifier>{67DA6AB6-F800-4c08-8B7A-83BB121AAD01}</UniqueIdentifier>
      <Extensions>rc;ico;cur;bmp;dlg;rc2;rct;bin;rgs;gif;jpg;jpeg;jpe;resx;tiff;tif;png;wav</Extensions>
    </Filter>
    <Filter Include="container">
      <UniqueIdentifier>{46aae4d7-77c9-48d4-ba61-3f1ae1aae277}</UniqueIdentifier>
    </Filter>
  </ItemGroup>
  <ItemGroup>
    <ClCompile Include="BrowserWnd.cpp" />
    <ClCompile Include="dib.cpp" />
    <ClCompile Include="HtmlViewWnd.cpp" />
    <ClCompile Include="litebrowser.cpp" />
    <ClCompile Include="tordexhttp.cpp" />
    <ClCompile Include="web_history.cpp" />
    <ClCompile Include="web_page.cpp" />
    <ClCompile Include="..\litehtml\containers\gdiplus\gdiplus_container.cpp">
      <Filter>container</Filter>
    </ClCompile>
    <ClCompile Include="..\litehtml\containers\win32\win32_container.cpp">
      <Filter>container</Filter>
    </ClCompile>
  </ItemGroup>
  <ItemGroup>
    <ClInclude Include="BrowserWnd.h" />
    <ClInclude Include="globals.h" />
    <ClInclude Include="HtmlViewWnd.h" />
    <ClInclude Include="litebrowser.h" />
    <ClInclude Include="resource.h" />
    <ClInclude Include="tordexhttp.h" />
    <ClInclude Include="web_history.h" />
    <ClInclude Include="web_page.h" />
    <ClInclude Include="dib.h" />
  </ItemGroup>
  <ItemGroup>
    <Image Include="litebrowser.ico">
      <Filter>Resource Files</Filter>
    </Image>
    <Image Include="small.ico">
      <Filter>Resource Files</Filter>
    </Image>
  </ItemGroup>
  <ItemGroup>
    <ResourceCompile Include="litebrowser.rc">
      <Filter>Resource Files</Filter>
    </ResourceCompile>
  </ItemGroup>
</Project>